
Microsoft Visual Studio Solution File, Format Version 11.00
# Visual C# Express 2010
Project("{FAE04EC0-301F-11D3-BF4B-00C04F79EFBC}") = "ManagedClass", "ManagedClass\ManagedClass.csproj", "{A88AABF5-DFD9-4BC2-B7F4-F037CD9B94F6}"
EndProject
Global
	GlobalSection(SolutionConfigurationPlatforms) = preSolution
		Debug|x86 = Debug|x86
		Release|x86 = Release|x86
	EndGlobalSection
	GlobalSection(ProjectConfigurationPlatforms) = postSolution
		{A88AABF5-DFD9-4BC2-B7F4-F037CD9B94F6}.Debug|x86.ActiveCfg = Debug|x86
		{A88AABF5-DFD9-4BC2-B7F4-F037CD9B94F6}.Debug|x86.Build.0 = Debug|x86
		{A88AABF5-DFD9-4BC2-B7F4-F037CD9B94F6}.Release|x86.ActiveCfg = Release|x86
		{A88AABF5-DFD9-4BC2-B7F4-F037CD9B94F6}.Release|x86.Build.0 = Release|x86
	EndGlobalSection
	GlobalSection(SolutionProperties) = preSolution
		HideSolutionNode = FALSE
	EndGlobalSection
EndGlobal
